
Microsoft Visual Studio Solution File, Format Version 12.00
# Visual Studio Version 16
VisualStudioVersion = 25.0.1706.7
MinimumVisualStudioVersion = 10.0.40219.1
Project("{FAE04EC0-301F-11D3-BF4B-00C04F79EFBC}") = "RedCode-Test", "RedCode-Test\RedCode-Test.csproj", "{2AB8DE70-E957-456B-BAE6-2CC350862481}"
EndProject
Global
	GlobalSection(SolutionConfigurationPlatforms) = preSolution
		Debug|Any CPU = Debug|Any CPU
		Release|Any CPU = Release|Any CPU
	EndGlobalSection
	GlobalSection(ProjectConfigurationPlatforms) = postSolution
		{2AB8DE70-E957-456B-BAE6-2CC350862481}.Debug|Any CPU.ActiveCfg = Debug|Any CPU
		{2AB8DE70-E957-456B-BAE6-2CC350862481}.Debug|Any CPU.Build.0 = Debug|Any CPU
		{2AB8DE70-E957-456B-BAE6-2CC350862481}.Release|Any CPU.ActiveCfg = Release|Any CPU
		{2AB8DE70-E957-456B-BAE6-2CC350862481}.Release|Any CPU.Build.0 = Release|Any CPU
	EndGlobalSection
	GlobalSection(SolutionProperties) = preSolution
		HideSolutionNode = FALSE
	EndGlobalSection
	GlobalSection(ExtensibilityGlobals) = postSolution
		SolutionGuid = {62194EC1-6E87-402D-91DE-796D89DE670C}
	EndGlobalSection
EndGlobal
